{
  "requires": true,
  "lockfileVersion": 1,
  "dependencies": {
    "types-registry": {
      "version": "0.1.583",
      "resolved": "https://registry.npmjs.org/types-registry/-/types-registry-0.1.583.tgz",
      "integrity": "sha512-73kmLv9447u3M9kGqO/GF0wX7IRINvEfNnHI/7ndCoPqAMP4Q9lzWUp21a3mkbRrvVq9qF0hcDytTrbDnc/t2g=="
    }
  }
}
